dependencies:
  '@tools/places': 'link:../places'
  '@types/fs-extra': 8.0.1
  fs-extra: 8.1.0
  fs-tree-utils: 0.1.7
lockfileVersion: 5.1
packages:
  /@types/fs-extra/8.0.1:
    dependencies:
      '@types/node': 12.7.5
    dev: false
    resolution:
      integrity: sha512-J00cVDALmi/hJOYsunyT52Hva5TnJeKP5yd1r+mH/ZU0mbYZflR0Z5kw5kITtKTRYMhm1JMClOFYdHnQszEvqw==
  /@types/node/12.7.5:
    dev: false
    resolution:
      integrity: sha512-9fq4jZVhPNW8r+UYKnxF1e2HkDWOWKM5bC2/7c9wPV835I0aOrVbS/Hw/pWPk2uKrNXQqg9Z959Kz+IYDd5p3w==
  /@types/ramda/0.26.26:
    dependencies:
      ts-toolbelt: 4.14.6
    dev: false
    resolution:
      integrity: sha512-jDx2Lp2WvziMTcDxOU21yzRr6jP/VTWvpg6SQxeM63VldSjugUY1N9p1Q8YY/wpGvqzpkstUFmg2oGJdBSp5gg==
  /fs-extra/8.1.0:
    dependencies:
      graceful-fs: 4.2.2
      jsonfile: 4.0.0
      universalify: 0.1.2
    dev: false
    engines:
      node: '>=6 <7 || >=8'
    resolution:
      integrity: sha512-yhlQgA6mnOJUKOsRUFsgJdQCvkKhcz8tlZG5HBQfReYZy46OwLcY+Zia0mtdHsOo9y/hP+CxMN0TU9QxoOtG4g==
  /fs-tree-utils/0.1.7:
    dependencies:
      '@types/fs-extra': 8.0.1
      '@types/node': 12.7.5
      '@types/ramda': 0.26.26
      fs-extra: 8.1.0
      monorepo-shared-assets: 0.0.18
      ramda: 0.26.1
      tslib: 1.10.0
    dev: false
    engines:
      node: '>= 8.9.0'
    resolution:
      integrity: sha512-UiJ5pnplv6hOAWp4k42LNjhyRm8T3++wnXHxHvo2AP3/eMQhKMl4dVe7Knj3dfFHt0EeE6IHsQucCyCW6KlARA==
  /graceful-fs/4.2.2:
    dev: false
    resolution:
      integrity: sha512-IItsdsea19BoLC7ELy13q1iJFNmd7ofZH5+X/pJr90/nRoPEX0DJo1dHDbgtYWOhJhcCgMDTOw84RZ72q6lB+Q==
  /immutable/4.0.0-rc.12:
    dev: false
    resolution:
      integrity: sha512-0M2XxkZLx/mi3t8NVwIm1g8nHoEmM9p9UBl/G9k4+hm0kBgOVdMV/B3CY5dQ8qG8qc80NN4gDV4HQv6FTJ5q7A==
  /jsonfile/4.0.0:
    dev: false
    optionalDependencies:
      graceful-fs: 4.2.2
    resolution:
      integrity: sha1-h3Gq4HmbZAdrdmQPygWPnBDjPss=
  /monorepo-shared-assets/0.0.18:
    dependencies:
      '@types/node': 12.7.5
      '@types/ramda': 0.26.26
      immutable: 4.0.0-rc.12
      ramda: 0.26.1
      tslib: 1.10.0
    dev: false
    engines:
      node: '>= 8.9.0'
    resolution:
      integrity: sha512-xVSAGL8nrYGqutC0d958FlvmZ8Vwn9VR9kO3eS9o9vlLsqDfvYKLlb2FKLfHJiRGhs8xC9aIPqX3bhs8fE/Vvw==
  /ramda/0.26.1:
    dev: false
    resolution:
      integrity: sha512-hLWjpy7EnsDBb0p+Z3B7rPi3GDeRG5ZtiI33kJhTt+ORCd38AbAIjB/9zRIUoeTbE/AVX5ZkU7m6bznsvrf8eQ==
  /ts-toolbelt/4.14.6:
    dev: false
    resolution:
      integrity: sha512-SONcnRd93+LuYGfn/CZg5A5qhCODohZslAVZKHHu5bnwUxoXLqd2k2VIdwRUXYfKnY+UCeNbI2pTPz+Dno6Mpg==
  /tslib/1.10.0:
    dev: false
    resolution:
      integrity: sha512-qOebF53frne81cf0S9B41ByenJ3/IuH8yJKngAX35CmiZySA0khhkovshKK+jGCaMnVomla7gVlIcc3EvKPbTQ==
  /universalify/0.1.2:
    dev: false
    engines:
      node: '>= 4.0.0'
    resolution:
      integrity: sha512-rBJeI5CXAlmy1pV+617WB9J63U6XcazHHF2f2dbJix4XzpUF0RS3Zbj0FGIOCAva5P/d/GBOYaACQ1w+0azUkg==
specifiers:
  '@tools/places': 'file:../places'
  '@types/fs-extra': ^8.0.1
  fs-extra: ^8.1.0
  fs-tree-utils: ^0.1.7
