dependencies:
  '@tools/places': 'link:../places'
  '@types/js-yaml': 4.0.0
  js-yaml: 4.0.0
lockfileVersion: 5.2
packages:
  /@types/js-yaml/4.0.0:
    dev: false
    resolution:
      integrity: sha512-4vlpCM5KPCL5CfGmTbpjwVKbISRYhduEJvvUWsH5EB7QInhEj94XPZ3ts/9FPiLZFqYO0xoW4ZL8z2AabTGgJA==
  /argparse/2.0.1:
    dev: false
    resolution:
      integrity: sha512-8+9WqebbFzpX9OR+Wa6O29asIogeRMzcGtAINdpMHHyAg10f05aSFVBbcEqGf/PXw1EjAZ+q2/bEBg3DvurK3Q==
  /js-yaml/4.0.0:
    dependencies:
      argparse: 2.0.1
    dev: false
    hasBin: true
    resolution:
      integrity: sha512-pqon0s+4ScYUvX30wxQi3PogGFAlUyH0awepWvwkj4jD4v+ova3RiYw8bmA6x2rDrEaj8i/oWKoRxpVNW+Re8Q==
specifiers:
  '@tools/places': ../places
  '@types/js-yaml': ^4.0.0
  js-yaml: ^4.0.0
