dependencies:
  '@make-mjs/code': 'link:../code'
  '@make-mjs/utils': 'link:../utils'
  '@tsfun/object': 0.0.6
  '@types/fs-extra': 8.0.0
  '@types/node': 12.7.8
  ancestor-directories: 1.0.1
  fast-traverse: 0.0.0
  fs-extra: 8.1.0
  tslib: 1.10.0
lockfileVersion: 5.1
packages:
  /@tsfun/object/0.0.6:
    dependencies:
      '@types/node': 12.7.9
      tslib: 1.10.0
      utility-types: 3.8.0
    dev: false
    resolution:
      integrity: sha512-l1CdtJM8DUphfpIYeewB9+TBGEQ+RjEG7lKx/3QAL8MRvRHEKSgLTehqs2R3jZZ4P57QGd61xhVCOGlcvqmYCA==
  /@types/fs-extra/8.0.0:
    dependencies:
      '@types/node': 12.7.5
    dev: false
    resolution:
      integrity: sha512-bCtL5v9zdbQW86yexOlXWTEGvLNqWxMFyi7gQA7Gcthbezr2cPSOb8SkESVKA937QD5cIwOFLDFt0MQoXOEr9Q==
  /@types/node/10.14.18:
    dev: false
    resolution:
      integrity: sha512-ryO3Q3++yZC/+b8j8BdKd/dn9JlzlHBPdm80656xwYUdmPkpTGTjkAdt6BByiNupGPE8w0FhBgvYy/fX9hRNGQ==
  /@types/node/12.7.5:
    dev: false
    resolution:
      integrity: sha512-9fq4jZVhPNW8r+UYKnxF1e2HkDWOWKM5bC2/7c9wPV835I0aOrVbS/Hw/pWPk2uKrNXQqg9Z959Kz+IYDd5p3w==
  /@types/node/12.7.8:
    dev: false
    resolution:
      integrity: sha512-FMdVn84tJJdV+xe+53sYiZS4R5yn1mAIxfj+DVoNiQjTYz1+OYmjwEZr1ev9nU0axXwda0QDbYl06QHanRVH3A==
  /@types/node/12.7.9:
    dev: false
    resolution:
      integrity: sha512-P57oKTJ/vYivL2BCfxCC5tQjlS8qW31pbOL6qt99Yrjm95YdHgNZwjrTTjMBh+C2/y6PXIX4oz253+jUzxKKfQ==
  /@types/ramda/0.25.51:
    dev: false
    resolution:
      integrity: sha512-xcmtfHIgF9SYjhGdsZR1nQslxG4hu0cIpFfLQ4CWdw3KzHvl7ki1AzFLQUkbDTG42ZN3ZsQfdRzXRlkAvbIy5Q==
  /ancestor-directories/1.0.1:
    dependencies:
      '@types/node': 10.14.18
      monorepo-shared-assets: 0.0.16
      tslib: 1.10.0
    dev: false
    engines:
      node: '>= 8.9.0'
    resolution:
      integrity: sha512-UpKIlCLCyheiSDDIkpf5Dk6yII1um/+NBBu8GkyCvHWlJ7wn0cxAj+PqDCx99ow5HaaHNhoRfo2QoHPE1fb5fg==
  /fast-traverse/0.0.0:
    dependencies:
      '@types/node': 12.7.5
      tslib: 1.10.0
    dev: false
    resolution:
      integrity: sha512-7jG3PvMs2HIbU4diRQ0e6SQH9I74n52pzMxCq1R1Pau2OoU4AIzp4VCyXRoWD4ylcSsO62qrLMzCVF6+fB22sw==
  /fs-extra/8.1.0:
    dependencies:
      graceful-fs: 4.2.2
      jsonfile: 4.0.0
      universalify: 0.1.2
    dev: false
    engines:
      node: '>=6 <7 || >=8'
    resolution:
      integrity: sha512-yhlQgA6mnOJUKOsRUFsgJdQCvkKhcz8tlZG5HBQfReYZy46OwLcY+Zia0mtdHsOo9y/hP+CxMN0TU9QxoOtG4g==
  /graceful-fs/4.2.2:
    dev: false
    resolution:
      integrity: sha512-IItsdsea19BoLC7ELy13q1iJFNmd7ofZH5+X/pJr90/nRoPEX0DJo1dHDbgtYWOhJhcCgMDTOw84RZ72q6lB+Q==
  /immutable/3.8.2:
    dev: false
    engines:
      node: '>=0.10.0'
    resolution:
      integrity: sha1-wkOZUUVbs5kT2vKBN28VMOEErfM=
  /jsonfile/4.0.0:
    dev: false
    optionalDependencies:
      graceful-fs: 4.2.2
    resolution:
      integrity: sha1-h3Gq4HmbZAdrdmQPygWPnBDjPss=
  /monorepo-shared-assets/0.0.16:
    dependencies:
      '@types/node': 10.14.18
      '@types/ramda': 0.25.51
      immutable: 3.8.2
      ramda: 0.25.0
      tslib: 1.10.0
    deprecated: Some TypeScript errors were tolerated by the compiler
    dev: false
    engines:
      node: '>= 8.9.0'
    resolution:
      integrity: sha512-TsF/r4j3iC3siZv27+m57ydDrw6meuXSQ+Rc8CWcvYRXlYQfrOEK+6No3pAhXlyqR6k7OVC+L+pJyW+OU+hPOg==
  /ramda/0.25.0:
    dev: false
    resolution:
      integrity: sha512-GXpfrYVPwx3K7RQ6aYT8KPS8XViSXUVJT1ONhoKPE9VAleW42YE+U+8VEyGWt41EnEQW7gwecYJriTI0pKoecQ==
  /tslib/1.10.0:
    dev: false
    resolution:
      integrity: sha512-qOebF53frne81cf0S9B41ByenJ3/IuH8yJKngAX35CmiZySA0khhkovshKK+jGCaMnVomla7gVlIcc3EvKPbTQ==
  /universalify/0.1.2:
    dev: false
    engines:
      node: '>= 4.0.0'
    resolution:
      integrity: sha512-rBJeI5CXAlmy1pV+617WB9J63U6XcazHHF2f2dbJix4XzpUF0RS3Zbj0FGIOCAva5P/d/GBOYaACQ1w+0azUkg==
  /utility-types/3.8.0:
    dev: false
    engines:
      node: '>= 4'
    resolution:
      integrity: sha512-UoKivAmVw5TL6AHuILieOJjIK9ajS0l5gyN5LbJglPuVwzfYBniDhe+3A5+ZBtS0TAHQs5qUxTwj9jXurINrcw==
specifiers:
  '@make-mjs/code': ^0.2.5
  '@make-mjs/utils': ^0.0.6
  '@tsfun/object': ^0.0.6
  '@types/fs-extra': ^8.0.0
  '@types/node': ^12.7.8
  ancestor-directories: 1.0.1
  fast-traverse: ^0.0.0
  fs-extra: 8.1.0
  tslib: ^1.10.0
