dependencies:
  '@make-mjs/code': 'link:../code'
  '@make-mjs/fs-extra': 'link:../fs-extra'
  '@make-mjs/utils': 'link:../utils'
  '@tsfun/object': 0.0.3
  '@types/node': 12.7.5
  ancestor-directories: 1.0.1
  tslib: 1.10.0
lockfileVersion: 5.1
packages:
  /@tsfun/object/0.0.3:
    dependencies:
      '@types/node': 12.7.5
      tslib: 1.10.0
      utility-types: 3.7.0
    dev: false
    resolution:
      integrity: sha512-QXEDhRljQZirwrN4VXPfWSIp3O5bEFQH8DzuYJTbyVZI0Dy87BMbNOzYYfa9S+abUO/NbJ1f9PjlOR3TDNPzKQ==
  /@types/node/10.14.18:
    dev: false
    resolution:
      integrity: sha512-ryO3Q3++yZC/+b8j8BdKd/dn9JlzlHBPdm80656xwYUdmPkpTGTjkAdt6BByiNupGPE8w0FhBgvYy/fX9hRNGQ==
  /@types/node/12.7.5:
    dev: false
    resolution:
      integrity: sha512-9fq4jZVhPNW8r+UYKnxF1e2HkDWOWKM5bC2/7c9wPV835I0aOrVbS/Hw/pWPk2uKrNXQqg9Z959Kz+IYDd5p3w==
  /@types/ramda/0.25.51:
    dev: false
    resolution:
      integrity: sha512-xcmtfHIgF9SYjhGdsZR1nQslxG4hu0cIpFfLQ4CWdw3KzHvl7ki1AzFLQUkbDTG42ZN3ZsQfdRzXRlkAvbIy5Q==
  /ancestor-directories/1.0.1:
    dependencies:
      '@types/node': 10.14.18
      monorepo-shared-assets: 0.0.16
      tslib: 1.10.0
    dev: false
    engines:
      node: '>= 8.9.0'
    resolution:
      integrity: sha512-UpKIlCLCyheiSDDIkpf5Dk6yII1um/+NBBu8GkyCvHWlJ7wn0cxAj+PqDCx99ow5HaaHNhoRfo2QoHPE1fb5fg==
  /immutable/3.8.2:
    dev: false
    engines:
      node: '>=0.10.0'
    resolution:
      integrity: sha1-wkOZUUVbs5kT2vKBN28VMOEErfM=
  /monorepo-shared-assets/0.0.16:
    dependencies:
      '@types/node': 10.14.18
      '@types/ramda': 0.25.51
      immutable: 3.8.2
      ramda: 0.25.0
      tslib: 1.10.0
    deprecated: Some TypeScript errors were tolerated by the compiler
    dev: false
    engines:
      node: '>= 8.9.0'
    resolution:
      integrity: sha512-TsF/r4j3iC3siZv27+m57ydDrw6meuXSQ+Rc8CWcvYRXlYQfrOEK+6No3pAhXlyqR6k7OVC+L+pJyW+OU+hPOg==
  /ramda/0.25.0:
    dev: false
    resolution:
      integrity: sha512-GXpfrYVPwx3K7RQ6aYT8KPS8XViSXUVJT1ONhoKPE9VAleW42YE+U+8VEyGWt41EnEQW7gwecYJriTI0pKoecQ==
  /tslib/1.10.0:
    dev: false
    resolution:
      integrity: sha512-qOebF53frne81cf0S9B41ByenJ3/IuH8yJKngAX35CmiZySA0khhkovshKK+jGCaMnVomla7gVlIcc3EvKPbTQ==
  /utility-types/3.7.0:
    dev: false
    engines:
      node: '>= 4'
    resolution:
      integrity: sha512-mqRJXN7dEArK/NZNJUubjr9kbFFVZcmF/JHDc9jt5O/aYXUVmopHYujDMhLmLil1Bxo2+khe6KAIVvDH9Yc4VA==
specifiers:
  '@make-mjs/code': ^0.1.0
  '@make-mjs/fs-extra': ^0.0.0
  '@make-mjs/utils': ^0.0.1
  '@tsfun/object': ^0.0.3
  '@types/node': ^12.7.5
  ancestor-directories: 1.0.1
  tslib: ^1.10.0
