dependencies:
  '@make-mjs/file': 'link:../file'
  '@make-mjs/fs-extra': 'link:../fs-extra'
  '@make-mjs/fs-tree-utils': 'link:../fs-tree-utils'
  '@make-mjs/utils': 'link:../utils'
  '@tsfun/object': 0.0.1
  '@types/node': 12.7.5
  tslib: 1.10.0
lockfileVersion: 5.1
packages:
  /@tsfun/object/0.0.1:
    dependencies:
      '@types/node': 12.7.5
      tslib: 1.10.0
      utility-types: 3.7.0
    dev: false
    resolution:
      integrity: sha512-1Znc/BmghtFnxgVrhkpvhSf5HpZbnEcKmXqsXSCXJP0+BW2C00d5st5qkBErSTTEvcGAMgPZ9E95ydlMO8lcrg==
  /@types/node/12.7.5:
    dev: false
    resolution:
      integrity: sha512-9fq4jZVhPNW8r+UYKnxF1e2HkDWOWKM5bC2/7c9wPV835I0aOrVbS/Hw/pWPk2uKrNXQqg9Z959Kz+IYDd5p3w==
  /tslib/1.10.0:
    dev: false
    resolution:
      integrity: sha512-qOebF53frne81cf0S9B41ByenJ3/IuH8yJKngAX35CmiZySA0khhkovshKK+jGCaMnVomla7gVlIcc3EvKPbTQ==
  /utility-types/3.7.0:
    dev: false
    engines:
      node: '>= 4'
    resolution:
      integrity: sha512-mqRJXN7dEArK/NZNJUubjr9kbFFVZcmF/JHDc9jt5O/aYXUVmopHYujDMhLmLil1Bxo2+khe6KAIVvDH9Yc4VA==
specifiers:
  '@make-mjs/file': ^0.0.0
  '@make-mjs/fs-extra': ^0.0.0
  '@make-mjs/fs-tree-utils': ^0.0.0
  '@make-mjs/utils': ^0.0.0
  '@tsfun/object': ^0.0.1
  '@types/node': ^12.7.5
  tslib: ^1.10.0
