dependencies:
  '@types/fs-extra': 9.0.1
  fast-traverse: 0.1.6
  fs-extra: 9.0.1
  iter-tools: 7.0.2
  ts-pipe-compose: 0.2.0
lockfileVersion: 5.2
packages:
  /@babel/runtime/7.12.5:
    dependencies:
      regenerator-runtime: 0.13.5
    dev: false
    resolution:
      integrity: sha512-plcc+hbExy3McchJCEQG3knOsuh3HH+Prx1P6cLIkET/0dLuQDEnrT+s27Axgc9bqfsmNUNHfscgMUdBpC9xfg==
  /@types/fs-extra/9.0.1:
    dependencies:
      '@types/node': 14.0.6
    dev: false
    resolution:
      integrity: sha512-B42Sxuaz09MhC3DDeW5kubRcQ5by4iuVQ0cRRWM2lggLzAa/KVom0Aft/208NgMvNQQZ86s5rVcqDdn/SH0/mg==
  /@types/node/12.12.42:
    dev: false
    resolution:
      integrity: sha512-R/9QdYFLL9dE9l5cWWzWIZByVGFd7lk7JVOJ7KD+E1SJ4gni7XJRLz9QTjyYQiHIqEAgku9VgxdLjMlhhUaAFg==
  /@types/node/13.13.9:
    dev: false
    resolution:
      integrity: sha512-EPZBIGed5gNnfWCiwEIwTE2Jdg4813odnG8iNPMQGrqVxrI+wL68SPtPeCX+ZxGBaA6pKAVc6jaKgP/Q0QzfdQ==
  /@types/node/14.0.6:
    dev: false
    resolution:
      integrity: sha512-FbNmu4F67d3oZMWBV6Y4MaPER+0EpE9eIYf2yaHhCWovc1dlXCZkqGX4NLHfVVr6umt20TNBdRzrNJIzIKfdbw==
  /at-least-node/1.0.0:
    dev: false
    engines:
      node: '>= 4.0.0'
    resolution:
      integrity: sha512-+q/t7Ekv1EDY2l6Gda6LLiX14rU9TV20Wa3ofeQmwPFZbOMo9DXrLbOjFaaclkXKWidIaopwAObQDqwWtGUjqg==
  /fast-traverse/0.1.6:
    dependencies:
      '@types/node': 13.13.9
      tslib: 1.13.0
    dev: false
    resolution:
      integrity: sha512-/5Ati6Qr9r++gG4R6ANxYH8RxQkZTrUDQF6EuSShgJCIrluPrvVSQRDpVl6SA4V/5nFALlF15OfXG1A3U3U6Mw==
  /fs-extra/9.0.1:
    dependencies:
      at-least-node: 1.0.0
      graceful-fs: 4.2.4
      jsonfile: 6.0.1
      universalify: 1.0.0
    dev: false
    engines:
      node: '>=10'
    resolution:
      integrity: sha512-h2iAoN838FqAFJY2/qVpzFXy+EBxfVE220PalAqQLDVsFOHLJrZvut5puAbCdNv6WJk+B8ihI+k0c7JK5erwqQ==
  /graceful-fs/4.2.4:
    dev: false
    resolution:
      integrity: sha512-WjKPNJF79dtJAVniUlGGWHYGz2jWxT6VhN/4m1NdkbZ2nOsEF+cI1Edgql5zCRhs/VsQYRvrXctxktVXZUkixw==
  /iter-tools/7.0.2:
    dependencies:
      '@babel/runtime': 7.12.5
    dev: false
    resolution:
      integrity: sha512-eQOeYO/EocvvxYJO0rcuMNr3sqsOe+LRxDLmAPmKmqIlLoJ90GFxRv/oSJ3yr0FcxOOcrH0ivmKoal/DOmSO+w==
  /jsonfile/6.0.1:
    dependencies:
      universalify: 1.0.0
    dev: false
    optionalDependencies:
      graceful-fs: 4.2.4
    resolution:
      integrity: sha512-jR2b5v7d2vIOust+w3wtFKZIfpC2pnRmFAhAC/BuweZFQR8qZzxH1OyrQ10HmdVYiXWkYUqPVsz91cG7EL2FBg==
  /regenerator-runtime/0.13.5:
    dev: false
    resolution:
      integrity: sha512-ZS5w8CpKFinUzOwW3c83oPeVXoNsrLsaCoLtJvAClH135j/R77RuymhiSErhm2lKcwSCIpmvIWSbDkIfAqKQlA==
  /ts-pipe-compose/0.2.0:
    dependencies:
      '@types/node': 12.12.42
      tslib: 1.13.0
    dev: false
    engines:
      node: '>= 8.9.0'
    resolution:
      integrity: sha512-FMFVRL3Ct4+S1OHUBapg3HKOU1OY8EfF+LpWKyKz0S9P/Yrdl9krvNxuW/4RlMw42TsgkH6jF3o6Vtk5l8izLg==
  /tslib/1.13.0:
    dev: false
    resolution:
      integrity: sha512-i/6DQjL8Xf3be4K/E6Wgpekn5Qasl1usyw++dAA35Ue5orEn65VIxOA+YvNNl9HV3qv70T7CNwjODHZrLwvd1Q==
  /universalify/1.0.0:
    dev: false
    engines:
      node: '>= 10.0.0'
    resolution:
      integrity: sha512-rb6X1W158d7pRQBg5gkR8uPaSfiids68LTJQYOtEUhoJUWBdaQHsuT/EUduxXYxcrt4r5PJ4fuHW1MHT6p0qug==
specifiers:
  '@types/fs-extra': ^9.0.1
  fast-traverse: ^0.1.6
  fs-extra: ^9.0.1
  iter-tools: ^7.0.0
  ts-pipe-compose: ^0.2.0
