dependencies:
  '@babel/generator': 7.6.0
  '@babel/parser': 7.6.0
  '@babel/types': 7.6.1
  '@types/babel__generator': 7.0.2
  '@types/fs-extra': 8.0.0
  '@types/node': 12.7.4
  fs-extra: 8.1.0
  tslib: 1.10.0
lockfileVersion: 5.1
packages:
  /@babel/generator/7.6.0:
    dependencies:
      '@babel/types': 7.6.1
      jsesc: 2.5.2
      lodash: 4.17.15
      source-map: 0.5.7
      trim-right: 1.0.1
    dev: false
    resolution:
      integrity: sha512-Ms8Mo7YBdMMn1BYuNtKuP/z0TgEIhbcyB8HVR6PPNYp4P61lMsABiS4A3VG1qznjXVCf3r+fVHhm4efTYVsySA==
  /@babel/parser/7.6.0:
    dev: false
    engines:
      node: '>=6.0.0'
    hasBin: true
    resolution:
      integrity: sha512-+o2q111WEx4srBs7L9eJmcwi655eD8sXniLqMB93TBK9GrNzGrxDWSjiqz2hLU0Ha8MTXFIP0yd9fNdP+m43ZQ==
  /@babel/types/7.5.5:
    dependencies:
      esutils: 2.0.3
      lodash: 4.17.15
      to-fast-properties: 2.0.0
    dev: false
    resolution:
      integrity: sha512-s63F9nJioLqOlW3UkyMd+BYhXt44YuaFm/VV0VwuteqjYwRrObkU7ra9pY4wAJR3oXi8hJrMcrcJdO/HH33vtw==
  /@babel/types/7.6.1:
    dependencies:
      esutils: 2.0.3
      lodash: 4.17.15
      to-fast-properties: 2.0.0
    dev: false
    resolution:
      integrity: sha512-X7gdiuaCmA0uRjCmRtYJNAVCc/q+5xSgsfKJHqMN4iNLILX39677fJE1O40arPMh0TTtS9ItH67yre6c7k6t0g==
  /@types/babel__generator/7.0.2:
    dependencies:
      '@babel/types': 7.5.5
    dev: false
    resolution:
      integrity: sha512-NHcOfab3Zw4q5sEE2COkpfXjoE7o+PmqD9DQW4koUT3roNxwziUdXGnRndMat/LJNUtePwn1TlP4do3uoe3KZQ==
  /@types/fs-extra/8.0.0:
    dependencies:
      '@types/node': 12.7.3
    dev: false
    resolution:
      integrity: sha512-bCtL5v9zdbQW86yexOlXWTEGvLNqWxMFyi7gQA7Gcthbezr2cPSOb8SkESVKA937QD5cIwOFLDFt0MQoXOEr9Q==
  /@types/node/12.7.3:
    dev: false
    resolution:
      integrity: sha512-3SiLAIBkDWDg6vFo0+5YJyHPWU9uwu40Qe+v+0MH8wRKYBimHvvAOyk3EzMrD/TrIlLYfXrqDqrg913PynrMJQ==
  /@types/node/12.7.4:
    dev: false
    resolution:
      integrity: sha512-W0+n1Y+gK/8G2P/piTkBBN38Qc5Q1ZSO6B5H3QmPCUewaiXOo2GCAWZ4ElZCcNhjJuBSUSLGFUJnmlCn5+nxOQ==
  /esutils/2.0.3:
    dev: false
    engines:
      node: '>=0.10.0'
    resolution:
      integrity: sha512-kVscqXk4OCp68SZ0dkgEKVi6/8ij300KBWTJq32P/dYeWTSwK41WyTxalN1eRmA5Z9UU/LX9D7FWSmV9SAYx6g==
  /fs-extra/8.1.0:
    dependencies:
      graceful-fs: 4.2.2
      jsonfile: 4.0.0
      universalify: 0.1.2
    dev: false
    engines:
      node: '>=6 <7 || >=8'
    resolution:
      integrity: sha512-yhlQgA6mnOJUKOsRUFsgJdQCvkKhcz8tlZG5HBQfReYZy46OwLcY+Zia0mtdHsOo9y/hP+CxMN0TU9QxoOtG4g==
  /graceful-fs/4.2.2:
    dev: false
    resolution:
      integrity: sha512-IItsdsea19BoLC7ELy13q1iJFNmd7ofZH5+X/pJr90/nRoPEX0DJo1dHDbgtYWOhJhcCgMDTOw84RZ72q6lB+Q==
  /jsesc/2.5.2:
    dev: false
    engines:
      node: '>=4'
    hasBin: true
    resolution:
      integrity: sha512-OYu7XEzjkCQ3C5Ps3QIZsQfNpqoJyZZA99wd9aWd05NCtC5pWOkShK2mkL6HXQR6/Cy2lbNdPlZBpuQHXE63gA==
  /jsonfile/4.0.0:
    dev: false
    optionalDependencies:
      graceful-fs: 4.2.2
    resolution:
      integrity: sha1-h3Gq4HmbZAdrdmQPygWPnBDjPss=
  /lodash/4.17.15:
    dev: false
    resolution:
      integrity: sha512-8xOcRHvCjnocdS5cpwXQXVzmmh5e5+saE2QGoeQmbKmRS6J3VQppPOIt0MnmE+4xlZoumy0GPG0D0MVIQbNA1A==
  /source-map/0.5.7:
    dev: false
    engines:
      node: '>=0.10.0'
    resolution:
      integrity: sha1-igOdLRAh0i0eoUyA2OpGi6LvP8w=
  /to-fast-properties/2.0.0:
    dev: false
    engines:
      node: '>=4'
    resolution:
      integrity: sha1-3F5pjL0HkmW8c+A3doGk5Og/YW4=
  /trim-right/1.0.1:
    dev: false
    engines:
      node: '>=0.10.0'
    resolution:
      integrity: sha1-yy4SAwZ+DI3h9hQJS5/kVwTqYAM=
  /tslib/1.10.0:
    dev: false
    resolution:
      integrity: sha512-qOebF53frne81cf0S9B41ByenJ3/IuH8yJKngAX35CmiZySA0khhkovshKK+jGCaMnVomla7gVlIcc3EvKPbTQ==
  /universalify/0.1.2:
    dev: false
    engines:
      node: '>= 4.0.0'
    resolution:
      integrity: sha512-rBJeI5CXAlmy1pV+617WB9J63U6XcazHHF2f2dbJix4XzpUF0RS3Zbj0FGIOCAva5P/d/GBOYaACQ1w+0azUkg==
specifiers:
  '@babel/generator': ^7.6.0
  '@babel/parser': ^7.6.0
  '@babel/types': ^7.6.1
  '@types/babel__generator': ^7.0.2
  '@types/fs-extra': ^8.0.0
  '@types/node': ^12.7.4
  fs-extra: ^8.1.0
  tslib: ^1.10.0
