dependencies:
  '@make-mjs/utils': 'link:../../packages/utils'
  '@tsfun/pipe': 0.0.9
lockfileVersion: 5.1
packages:
  /@tsfun/pipe/0.0.9:
    dependencies:
      '@tsfun/tap': 0.0.8
      '@types/node': 13.1.6
      tslib: 1.10.0
    dev: false
    engines:
      node: '>= 8.9.0'
    resolution:
      integrity: sha512-KvkG9PqPhuiXw0qgtaRAWyJR1hU1iiWDmsbe2e0/MBu+wRHl5xelSFJjZkG3Q5bdie7LYw5juhsvTtyHizx4Lg==
  /@tsfun/tap/0.0.8:
    dependencies:
      '@types/node': 13.1.6
      tslib: 1.10.0
    dev: false
    resolution:
      integrity: sha512-QASQDYuFJZGFUb8maN/ip3g7r3zq3abQHkJsgypWgUtBSBdFLF5ZLq7BFpIR3bEpX1iGmhadGeU1yVQNKyeGjA==
  /@types/node/13.1.6:
    dev: false
    resolution:
      integrity: sha512-Jg1F+bmxcpENHP23sVKkNuU3uaxPnsBMW0cLjleiikFKomJQbsn0Cqk2yDvQArqzZN6ABfBkZ0To7pQ8sLdWDg==
  /tslib/1.10.0:
    dev: false
    resolution:
      integrity: sha512-qOebF53frne81cf0S9B41ByenJ3/IuH8yJKngAX35CmiZySA0khhkovshKK+jGCaMnVomla7gVlIcc3EvKPbTQ==
specifiers:
  '@make-mjs/utils': 'file:../../packages/utils'
  '@tsfun/pipe': ^0.0.9
