dependencies:
  '@babel/generator': 7.11.4
  '@babel/parser': 7.11.4
  '@babel/traverse': 7.23.2
  '@babel/types': 7.11.0
  '@make-mjs/url': 'link:../url'
  '@tsfun/object': 0.0.20
  '@types/babel__generator': 7.6.1
  '@types/babel__traverse': 7.0.13
  '@types/fs-extra': 9.0.1
  '@types/node': 14.6.0
  fs-extra: 9.0.1
  remote-controlled-promise: 0.0.6
  tslib: 2.0.1
lockfileVersion: 5.1
packages:
  /@babel/code-frame/7.23.5:
    dependencies:
      '@babel/highlight': 7.23.4
      chalk: 2.4.2
    dev: false
    engines:
      node: '>=6.9.0'
    resolution:
      integrity: sha512-CgH3s1a96LipHCmSUmYFPwY7MNx8C3avkq7i4Wl3cfa662ldtUe4VM1TPXX70pfmrlWTb6jLqTYrZyT2ZTJBgA==
  /@babel/generator/7.11.4:
    dependencies:
      '@babel/types': 7.11.0
      jsesc: 2.5.2
      source-map: 0.5.7
    dev: false
    resolution:
      integrity: sha512-Rn26vueFx0eOoz7iifCN2UHT6rGtnkSGWSoDRIy8jZN3B91PzeSULbswfLoOWuTuAcNwpG/mxy+uCTDnZ9Mp1g==
  /@babel/generator/7.23.6:
    dependencies:
      '@babel/types': 7.23.9
      '@jridgewell/gen-mapping': 0.3.4
      '@jridgewell/trace-mapping': 0.3.23
      jsesc: 2.5.2
    dev: false
    engines:
      node: '>=6.9.0'
    resolution:
      integrity: sha512-qrSfCYxYQB5owCmGLbl8XRpX1ytXlpueOb0N0UmQwA073KZxejgQTzAmJezxvpwQD9uGtK2shHdi55QT+MbjIw==
  /@babel/helper-environment-visitor/7.22.20:
    dev: false
    engines:
      node: '>=6.9.0'
    resolution:
      integrity: sha512-zfedSIzFhat/gFhWfHtgWvlec0nqB9YEIVrpuwjruLlXfUSnA8cJB0miHKwqDnQ7d32aKo2xt88/xZptwxbfhA==
  /@babel/helper-function-name/7.23.0:
    dependencies:
      '@babel/template': 7.23.9
      '@babel/types': 7.23.9
    dev: false
    engines:
      node: '>=6.9.0'
    resolution:
      integrity: sha512-OErEqsrxjZTJciZ4Oo+eoZqeW9UIiOcuYKRJA4ZAgV9myA+pOXhhmpfNCKjEH/auVfEYVFJ6y1Tc4r0eIApqiw==
  /@babel/helper-hoist-variables/7.22.5:
    dependencies:
      '@babel/types': 7.23.9
    dev: false
    engines:
      node: '>=6.9.0'
    resolution:
      integrity: sha512-wGjk9QZVzvknA6yKIUURb8zY3grXCcOZt+/7Wcy8O2uctxhplmUPkOdlgoNhmdVee2c92JXbf1xpMtVNbfoxRw==
  /@babel/helper-split-export-declaration/7.22.6:
    dependencies:
      '@babel/types': 7.23.9
    dev: false
    engines:
      node: '>=6.9.0'
    resolution:
      integrity: sha512-AsUnxuLhRYsisFiaJwvp1QF+I3KjD5FOxut14q/GzovUe6orHLesW2C7d754kRm53h5gqrz6sFl6sxc4BVtE/g==
  /@babel/helper-string-parser/7.23.4:
    dev: false
    engines:
      node: '>=6.9.0'
    resolution:
      integrity: sha512-803gmbQdqwdf4olxrX4AJyFBV/RTr3rSmOj0rKwesmzlfhYNDEs+/iOcznzpNWlJlIlTJC2QfPFcHB6DlzdVLQ==
  /@babel/helper-validator-identifier/7.10.4:
    dev: false
    resolution:
      integrity: sha512-3U9y+43hz7ZM+rzG24Qe2mufW5KhvFg/NhnNph+i9mgCtdTCtMJuI1TMkrIUiK7Ix4PYlRF9I5dhqaLYA/ADXw==
  /@babel/helper-validator-identifier/7.22.20:
    dev: false
    engines:
      node: '>=6.9.0'
    resolution:
      integrity: sha512-Y4OZ+ytlatR8AI+8KZfKuL5urKp7qey08ha31L8b3BwewJAoJamTzyvxPR/5D+KkdJCGPq/+8TukHBlY10FX9A==
  /@babel/highlight/7.23.4:
    dependencies:
      '@babel/helper-validator-identifier': 7.22.20
      chalk: 2.4.2
      js-tokens: 4.0.0
    dev: false
    engines:
      node: '>=6.9.0'
    resolution:
      integrity: sha512-acGdbYSfp2WheJoJm/EBBBLh/ID8KDc64ISZ9DYtBmC8/Q204PZJLHyzeB5qMzJ5trcOkybd78M4x2KWsUq++A==
  /@babel/parser/7.11.4:
    dev: false
    engines:
      node: '>=6.0.0'
    hasBin: true
    resolution:
      integrity: sha512-MggwidiH+E9j5Sh8pbrX5sJvMcsqS5o+7iB42M9/k0CD63MjYbdP4nhSh7uB5wnv2/RVzTZFTxzF/kIa5mrCqA==
  /@babel/parser/7.23.9:
    dev: false
    engines:
      node: '>=6.0.0'
    hasBin: true
    resolution:
      integrity: sha512-9tcKgqKbs3xGJ+NtKF2ndOBBLVwPjl1SHxPQkd36r3Dlirw3xWUeGaTbqr7uGZcTaxkVNwc+03SVP7aCdWrTlA==
  /@babel/template/7.23.9:
    dependencies:
      '@babel/code-frame': 7.23.5
      '@babel/parser': 7.23.9
      '@babel/types': 7.23.9
    dev: false
    engines:
      node: '>=6.9.0'
    resolution:
      integrity: sha512-+xrD2BWLpvHKNmX2QbpdpsBaWnRxahMwJjO+KZk2JOElj5nSmKezyS1B4u+QbHMTX69t4ukm6hh9lsYQ7GHCKA==
  /@babel/traverse/7.23.2:
    dependencies:
      '@babel/code-frame': 7.23.5
      '@babel/generator': 7.23.6
      '@babel/helper-environment-visitor': 7.22.20
      '@babel/helper-function-name': 7.23.0
      '@babel/helper-hoist-variables': 7.22.5
      '@babel/helper-split-export-declaration': 7.22.6
      '@babel/parser': 7.23.9
      '@babel/types': 7.23.9
      debug: 4.3.4
      globals: 11.12.0
    dev: false
    engines:
      node: '>=6.9.0'
    resolution:
      integrity: sha512-azpe59SQ48qG6nu2CzcMLbxUudtN+dOM9kDbUqGq3HXUJRlo7i8fvPoxQUzYgLZ4cMVmuZgm8vvBpNeRhd6XSw==
  /@babel/types/7.11.0:
    dependencies:
      '@babel/helper-validator-identifier': 7.10.4
      lodash: 4.17.20
      to-fast-properties: 2.0.0
    dev: false
    resolution:
      integrity: sha512-O53yME4ZZI0jO1EVGtF1ePGl0LHirG4P1ibcD80XyzZcKhcMFeCXmh4Xb1ifGBIV233Qg12x4rBfQgA+tmOukA==
  /@babel/types/7.23.9:
    dependencies:
      '@babel/helper-string-parser': 7.23.4
      '@babel/helper-validator-identifier': 7.22.20
      to-fast-properties: 2.0.0
    dev: false
    engines:
      node: '>=6.9.0'
    resolution:
      integrity: sha512-dQjSq/7HaSjRM43FFGnv5keM2HsxpmyV1PfaSVm0nzzjwwTmjOe6J4bC8e3+pTEIgHaHj+1ZlLThRJ2auc/w1Q==
  /@babel/types/7.7.4:
    dependencies:
      esutils: 2.0.3
      lodash: 4.17.15
      to-fast-properties: 2.0.0
    dev: false
    resolution:
      integrity: sha512-cz5Ji23KCi4T+YIE/BolWosrJuSmoZeN1EFnRtBwF+KKLi8GG/Z2c2hOJJeCXPk4mwk4QFvTmwIodJowXgttRA==
  /@jridgewell/gen-mapping/0.3.4:
    dependencies:
      '@jridgewell/set-array': 1.1.2
      '@jridgewell/sourcemap-codec': 1.4.15
      '@jridgewell/trace-mapping': 0.3.23
    dev: false
    engines:
      node: '>=6.0.0'
    resolution:
      integrity: sha512-Oud2QPM5dHviZNn4y/WhhYKSXksv+1xLEIsNrAbGcFzUN3ubqWRFT5gwPchNc5NuzILOU4tPBDTZ4VwhL8Y7cw==
  /@jridgewell/resolve-uri/3.1.2:
    dev: false
    engines:
      node: '>=6.0.0'
    resolution:
      integrity: sha512-bRISgCIjP20/tbWSPWMEi54QVPRZExkuD9lJL+UIxUKtwVJA8wW1Trb1jMs1RFXo1CBTNZ/5hpC9QvmKWdopKw==
  /@jridgewell/set-array/1.1.2:
    dev: false
    engines:
      node: '>=6.0.0'
    resolution:
      integrity: sha512-xnkseuNADM0gt2bs+BvhO0p78Mk762YnZdsuzFV018NoG1Sj1SCQvpSqa7XUaTam5vAGasABV9qXASMKnFMwMw==
  /@jridgewell/sourcemap-codec/1.4.15:
    dev: false
    resolution:
      integrity: sha512-eF2rxCRulEKXHTRiDrDy6erMYWqNw4LPdQ8UQA4huuxaQsVeRPFl2oM8oDGxMFhJUWZf9McpLtJasDDZb/Bpeg==
  /@jridgewell/trace-mapping/0.3.23:
    dependencies:
      '@jridgewell/resolve-uri': 3.1.2
      '@jridgewell/sourcemap-codec': 1.4.15
    dev: false
    resolution:
      integrity: sha512-9/4foRoUKp8s96tSkh8DlAAc5A0Ty8vLXld+l9gjKKY6ckwI8G15f0hskGmuLZu78ZlGa1vtsfOa+lnB4vG6Jg==
  /@tsfun/object/0.0.20:
    dependencies:
      '@types/node': 13.13.15
      tslib: 1.13.0
      utility-types: 3.10.0
    dev: false
    resolution:
      integrity: sha512-niGBzZEa3M22bBPy7N+c2y1eqVZ7L/61Ix4zKMr++FNdnzTErf/CX6VqbU88liNRsYxs8n1E60G802OpqQIZ6Q==
  /@types/babel__generator/7.6.1:
    dependencies:
      '@babel/types': 7.7.4
    dev: false
    resolution:
      integrity: sha512-bBKm+2VPJcMRVwNhxKu8W+5/zT7pwNEqeokFOmbvVSqGzFneNxYcEBro9Ac7/N9tlsaPYnZLK8J1LWKkMsLAew==
  /@types/babel__traverse/7.0.13:
    dependencies:
      '@babel/types': 7.11.0
    dev: false
    resolution:
      integrity: sha512-i+zS7t6/s9cdQvbqKDARrcbrPvtJGlbYsMkazo03nTAK3RX9FNrLllXys22uiTGJapPOTZTQ35nHh4ISph4SLQ==
  /@types/fs-extra/9.0.1:
    dependencies:
      '@types/node': 14.6.0
    dev: false
    resolution:
      integrity: sha512-B42Sxuaz09MhC3DDeW5kubRcQ5by4iuVQ0cRRWM2lggLzAa/KVom0Aft/208NgMvNQQZ86s5rVcqDdn/SH0/mg==
  /@types/node/13.1.6:
    dev: false
    resolution:
      integrity: sha512-Jg1F+bmxcpENHP23sVKkNuU3uaxPnsBMW0cLjleiikFKomJQbsn0Cqk2yDvQArqzZN6ABfBkZ0To7pQ8sLdWDg==
  /@types/node/13.13.15:
    dev: false
    resolution:
      integrity: sha512-kwbcs0jySLxzLsa2nWUAGOd/s21WU1jebrEdtzhsj1D4Yps1EOuyI1Qcu+FD56dL7NRNIJtDDjcqIG22NwkgLw==
  /@types/node/14.6.0:
    dev: false
    resolution:
      integrity: sha512-mikldZQitV94akrc4sCcSjtJfsTKt4p+e/s0AGscVA6XArQ9kFclP+ZiYUMnq987rc6QlYxXv/EivqlfSLxpKA==
  /ansi-styles/3.2.1:
    dependencies:
      color-convert: 1.9.3
    dev: false
    engines:
      node: '>=4'
    resolution:
      integrity: sha512-VT0ZI6kZRdTh8YyJw3SMbYm/u+NqfsAxEpWO0Pf9sq8/e94WxxOpPKx9FR1FlyCtOVDNOQ+8ntlqFxiRc+r5qA==
  /at-least-node/1.0.0:
    dev: false
    engines:
      node: '>= 4.0.0'
    resolution:
      integrity: sha512-+q/t7Ekv1EDY2l6Gda6LLiX14rU9TV20Wa3ofeQmwPFZbOMo9DXrLbOjFaaclkXKWidIaopwAObQDqwWtGUjqg==
  /chalk/2.4.2:
    dependencies:
      ansi-styles: 3.2.1
      escape-string-regexp: 1.0.5
      supports-color: 5.5.0
    dev: false
    engines:
      node: '>=4'
    resolution:
      integrity: sha512-Mti+f9lpJNcwF4tWV8/OrTTtF1gZi+f8FqlyAdouralcFWFQWF2+NgCHShjkCb+IFBLq9buZwE1xckQU4peSuQ==
  /color-convert/1.9.3:
    dependencies:
      color-name: 1.1.3
    dev: false
    resolution:
      integrity: sha512-QfAUtd+vFdAtFQcC8CCyYt1fYWxSqAiK2cSD6zDB8N3cpsEBAvRxp9zOGg6G/SHHJYAT88/az/IuDGALsNVbGg==
  /color-name/1.1.3:
    dev: false
    resolution:
      integrity: sha512-72fSenhMw2HZMTVHeCA9KCmpEIbzWiQsjN+BHcBbS9vr1mtt+vJjPdksIBNUmKAW8TFUDPJK5SUU3QhE9NEXDw==
  /debug/4.3.4:
    dependencies:
      ms: 2.1.2
    dev: false
    engines:
      node: '>=6.0'
    peerDependencies:
      supports-color: '*'
    peerDependenciesMeta:
      supports-color:
        optional: true
    resolution:
      integrity: sha512-PRWFHuSU3eDtQJPvnNY7Jcket1j0t5OuOsFzPPzsekD52Zl8qUfFIPEiswXqIvHWGVHOgX+7G/vCNNhehwxfkQ==
  /escape-string-regexp/1.0.5:
    dev: false
    engines:
      node: '>=0.8.0'
    resolution:
      integrity: sha512-vbRorB5FUQWvla16U8R/qgaFIya2qGzwDrNmCZuYKrbdSUMG6I1ZCGQRefkRVhuOkIGVne7BQ35DSfo1qvJqFg==
  /esutils/2.0.3:
    dev: false
    engines:
      node: '>=0.10.0'
    resolution:
      integrity: sha512-kVscqXk4OCp68SZ0dkgEKVi6/8ij300KBWTJq32P/dYeWTSwK41WyTxalN1eRmA5Z9UU/LX9D7FWSmV9SAYx6g==
  /fs-extra/9.0.1:
    dependencies:
      at-least-node: 1.0.0
      graceful-fs: 4.2.2
      jsonfile: 6.0.1
      universalify: 1.0.0
    dev: false
    engines:
      node: '>=10'
    resolution:
      integrity: sha512-h2iAoN838FqAFJY2/qVpzFXy+EBxfVE220PalAqQLDVsFOHLJrZvut5puAbCdNv6WJk+B8ihI+k0c7JK5erwqQ==
  /globals/11.12.0:
    dev: false
    engines:
      node: '>=4'
    resolution:
      integrity: sha512-WOBp/EEGUiIsJSp7wcv/y6MO+lV9UoncWqxuFfm8eBwzWNgyfBd6Gz+IeKQ9jCmyhoH99g15M3T+QaVHFjizVA==
  /graceful-fs/4.2.2:
    dev: false
    resolution:
      integrity: sha512-IItsdsea19BoLC7ELy13q1iJFNmd7ofZH5+X/pJr90/nRoPEX0DJo1dHDbgtYWOhJhcCgMDTOw84RZ72q6lB+Q==
  /has-flag/3.0.0:
    dev: false
    engines:
      node: '>=4'
    resolution:
      integrity: sha512-sKJf1+ceQBr4SMkvQnBDNDtf4TXpVhVGateu0t918bl30FnbE2m4vNLX+VWe/dpjlb+HugGYzW7uQXH98HPEYw==
  /js-tokens/4.0.0:
    dev: false
    resolution:
      integrity: sha512-RdJUflcE3cUzKiMqQgsCu06FPu9UdIJO0beYbPhHN4k6apgJtifcoCtT9bcxOpYBtpD2kCM6Sbzg4CausW/PKQ==
  /jsesc/2.5.2:
    dev: false
    engines:
      node: '>=4'
    hasBin: true
    resolution:
      integrity: sha512-OYu7XEzjkCQ3C5Ps3QIZsQfNpqoJyZZA99wd9aWd05NCtC5pWOkShK2mkL6HXQR6/Cy2lbNdPlZBpuQHXE63gA==
  /jsonfile/6.0.1:
    dependencies:
      universalify: 1.0.0
    dev: false
    optionalDependencies:
      graceful-fs: 4.2.2
    resolution:
      integrity: sha512-jR2b5v7d2vIOust+w3wtFKZIfpC2pnRmFAhAC/BuweZFQR8qZzxH1OyrQ10HmdVYiXWkYUqPVsz91cG7EL2FBg==
  /lodash/4.17.15:
    dev: false
    resolution:
      integrity: sha512-8xOcRHvCjnocdS5cpwXQXVzmmh5e5+saE2QGoeQmbKmRS6J3VQppPOIt0MnmE+4xlZoumy0GPG0D0MVIQbNA1A==
  /lodash/4.17.20:
    dev: false
    resolution:
      integrity: sha512-PlhdFcillOINfeV7Ni6oF1TAEayyZBoZ8bcshTHqOYJYlrqzRK5hagpagky5o4HfCzzd1TRkXPMFq6cKk9rGmA==
  /ms/2.1.2:
    dev: false
    resolution:
      integrity: sha512-sGkPx+VjMtmA6MX27oA4FBFELFCZZ4S4XqeGOXCv68tT+jb3vk/RyaKWP0PTKyWtmLSM0b+adUTEvbs1PEaH2w==
  /remote-controlled-promise/0.0.6:
    dependencies:
      '@types/node': 13.1.6
      tslib: 1.10.0
    dev: false
    engines:
      node: '>= 8.9.0'
    resolution:
      integrity: sha512-9PlWrJDC+1DnbBOvsEchPm1P1F/lHjuEMS/KmZjPfFibKmokIinf0NKfIOo5gQuJUYZltjNej3OIeICVDvnJLg==
  /source-map/0.5.7:
    dev: false
    engines:
      node: '>=0.10.0'
    resolution:
      integrity: sha1-igOdLRAh0i0eoUyA2OpGi6LvP8w=
  /supports-color/5.5.0:
    dependencies:
      has-flag: 3.0.0
    dev: false
    engines:
      node: '>=4'
    resolution:
      integrity: sha512-QjVjwdXIt408MIiAqCX4oUKsgU2EqAGzs2Ppkm4aQYbjm+ZEWEcW4SfFNTr4uMNZma0ey4f5lgLrkB0aX0QMow==
  /to-fast-properties/2.0.0:
    dev: false
    engines:
      node: '>=4'
    resolution:
      integrity: sha1-3F5pjL0HkmW8c+A3doGk5Og/YW4=
  /tslib/1.10.0:
    dev: false
    resolution:
      integrity: sha512-qOebF53frne81cf0S9B41ByenJ3/IuH8yJKngAX35CmiZySA0khhkovshKK+jGCaMnVomla7gVlIcc3EvKPbTQ==
  /tslib/1.13.0:
    dev: false
    resolution:
      integrity: sha512-i/6DQjL8Xf3be4K/E6Wgpekn5Qasl1usyw++dAA35Ue5orEn65VIxOA+YvNNl9HV3qv70T7CNwjODHZrLwvd1Q==
  /tslib/2.0.1:
    dev: false
    resolution:
      integrity: sha512-SgIkNheinmEBgx1IUNirK0TUD4X9yjjBRTqqjggWCU3pUEqIk3/Uwl3yRixYKT6WjQuGiwDv4NomL3wqRCj+CQ==
  /universalify/1.0.0:
    dev: false
    engines:
      node: '>= 10.0.0'
    resolution:
      integrity: sha512-rb6X1W158d7pRQBg5gkR8uPaSfiids68LTJQYOtEUhoJUWBdaQHsuT/EUduxXYxcrt4r5PJ4fuHW1MHT6p0qug==
  /utility-types/3.10.0:
    dev: false
    engines:
      node: '>= 4'
    resolution:
      integrity: sha512-O11mqxmi7wMKCo6HKFt5AhO4BwY3VV68YU07tgxfz8zJTIxr4BpsezN49Ffwy9j3ZpwwJp4fkRwjRzq3uWE6Rg==
specifiers:
  '@babel/generator': ^7.11.4
  '@babel/parser': ^7.11.4
  '@babel/traverse': ^7.11.0
  '@babel/types': ^7.11.0
  '@make-mjs/url': ^0.2.8
  '@tsfun/object': ^0.0.20
  '@types/babel__generator': ^7.6.1
  '@types/babel__traverse': ^7.0.13
  '@types/fs-extra': ^9.0.1
  '@types/node': ^14.6.0
  fs-extra: ^9.0.1
  remote-controlled-promise: ^0.0.6
  tslib: ^2.0.1
