dependencies:
  '@babel/generator': 7.11.4
  '@babel/parser': 7.11.4
  '@babel/traverse': 7.23.2
  '@babel/types': 7.11.0
  '@make-mjs/url': 'link:../url'
  '@tsfun/object': 0.0.20
  '@types/babel__generator': 7.6.1
  '@types/babel__traverse': 7.0.13
  '@types/fs-extra': 9.0.1
  '@types/node': 14.6.0
  fs-extra: 9.0.1
  remote-controlled-promise: 0.0.6
  tslib: 2.0.1
lockfileVersion: 5.1
packages:
  /@babel/code-frame/7.29.7:
    dependencies:
      '@babel/helper-validator-identifier': 7.29.7
      js-tokens: 4.0.0
      picocolors: 1.1.1
    dev: false
    engines:
      node: '>=6.9.0'
    resolution:
      integrity: sha512-Aup7aUOfpbAUg2ROOJN6Iw5f9DMBlzu0mIkm/malLQFN/YQgO48wCj0Kxa3sEHJvPVFg7siR+qRInwXd2qhQKw==
  /@babel/generator/7.11.4:
    dependencies:
      '@babel/types': 7.11.0
      jsesc: 2.5.2
      source-map: 0.5.7
    dev: false
    resolution:
      integrity: sha512-Rn26vueFx0eOoz7iifCN2UHT6rGtnkSGWSoDRIy8jZN3B91PzeSULbswfLoOWuTuAcNwpG/mxy+uCTDnZ9Mp1g==
  /@babel/generator/7.29.8:
    dependencies:
      '@babel/parser': 7.29.8
      '@babel/types': 7.29.8
      '@jridgewell/gen-mapping': 0.3.13
      '@jridgewell/trace-mapping': 0.3.31
      jsesc: 3.1.0
    dev: false
    engines:
      node: '>=6.9.0'
    resolution:
      integrity: sha512-gZbepsdh3WDtgZKWL+vTPh71LSBrm/Y4/QDZBVCcYfmeTEEuoOYwlSy+G1StfJg+/Zy550u/3TATbm7qDbbMtg==
  /@babel/helper-environment-visitor/7.24.7:
    dependencies:
      '@babel/types': 7.29.8
    dev: false
    engines:
      node: '>=6.9.0'
    resolution:
      integrity: sha512-DoiN84+4Gnd0ncbBOM9AZENV4a5ZiL39HYMyZJGZ/AZEykHYdJw0wW3kdcsh9/Kn+BRXHLkkklZ51ecPKmI1CQ==
  /@babel/helper-function-name/7.24.7:
    dependencies:
      '@babel/template': 7.29.7
      '@babel/types': 7.29.8
    dev: false
    engines:
      node: '>=6.9.0'
    resolution:
      integrity: sha512-FyoJTsj/PEUWu1/TYRiXTIHc8lbw+TDYkZuoE43opPS5TrI7MyONBE1oNvfguEXAD9yhQRrVBnXdXzSLQl9XnA==
  /@babel/helper-hoist-variables/7.24.7:
    dependencies:
      '@babel/types': 7.29.8
    dev: false
    engines:
      node: '>=6.9.0'
    resolution:
      integrity: sha512-MJJwhkoGy5c4ehfoRyrJ/owKeMl19U54h27YYftT0o2teQ3FJ3nQUf/I3LlJsX4l3qlw7WRXUmiyajvHXoTubQ==
  /@babel/helper-split-export-declaration/7.24.7:
    dependencies:
      '@babel/types': 7.29.8
    dev: false
    engines:
      node: '>=6.9.0'
    resolution:
      integrity: sha512-oy5V7pD+UvfkEATUKvIjvIAH/xCzfsFVw7ygW2SI6NClZzquT+mwdTfgfdbUiceh6iQO0CHtCPsyze/MZ2YbAA==
  /@babel/helper-string-parser/7.29.7:
    dev: false
    engines:
      node: '>=6.9.0'
    resolution:
      integrity: sha512-Pb5ijPrZ89GDH8223L4UP8i6QApWxs04RbPQJTeWDV0/keR2E36MeKnyr6LYmUUvqRRI+Iv87SuF1W6ErINzYw==
  /@babel/helper-validator-identifier/7.10.4:
    dev: false
    resolution:
      integrity: sha512-3U9y+43hz7ZM+rzG24Qe2mufW5KhvFg/NhnNph+i9mgCtdTCtMJuI1TMkrIUiK7Ix4PYlRF9I5dhqaLYA/ADXw==
  /@babel/helper-validator-identifier/7.29.7:
    dev: false
    engines:
      node: '>=6.9.0'
    resolution:
      integrity: sha512-qehxGkRj55h/ff8EMaJ+cYhyaKlHIxqYDn682wQD7RNp9UujOQsHog2uS0r2vzr4pW+sXf90NeeayjcNaX3fFg==
  /@babel/parser/7.11.4:
    dev: false
    engines:
      node: '>=6.0.0'
    hasBin: true
    resolution:
      integrity: sha512-MggwidiH+E9j5Sh8pbrX5sJvMcsqS5o+7iB42M9/k0CD63MjYbdP4nhSh7uB5wnv2/RVzTZFTxzF/kIa5mrCqA==
  /@babel/parser/7.29.8:
    dependencies:
      '@babel/types': 7.29.8
    dev: false
    engines:
      node: '>=6.0.0'
    hasBin: true
    resolution:
      integrity: sha512-E8lTAYNB1KW+FH+VGJuZM1ioAx2E6oVlvQFRrf5P8ZZmsiJXYAD9vTFV7yyEURNzgh1dFqMZuO6tUwcARbqFCA==
  /@babel/template/7.29.7:
    dependencies:
      '@babel/code-frame': 7.29.7
      '@babel/parser': 7.29.8
      '@babel/types': 7.29.8
    dev: false
    engines:
      node: '>=6.9.0'
    resolution:
      integrity: sha512-puq+Gf35oI24FeN11LkoUQFqv9uwNeWpxXZi/Ji3rRIoKAzKnxRaZ+Gkj0vKS9ZCiTESfng1N9LyOyXvo+m+Gg==
  /@babel/traverse/7.23.2:
    dependencies:
      '@babel/code-frame': 7.29.7
      '@babel/generator': 7.29.8
      '@babel/helper-environment-visitor': 7.24.7
      '@babel/helper-function-name': 7.24.7
      '@babel/helper-hoist-variables': 7.24.7
      '@babel/helper-split-export-declaration': 7.24.7
      '@babel/parser': 7.29.8
      '@babel/types': 7.29.8
      debug: 4.4.3
      globals: 11.12.0
    dev: false
    engines:
      node: '>=6.9.0'
    resolution:
      integrity: sha512-azpe59SQ48qG6nu2CzcMLbxUudtN+dOM9kDbUqGq3HXUJRlo7i8fvPoxQUzYgLZ4cMVmuZgm8vvBpNeRhd6XSw==
  /@babel/types/7.11.0:
    dependencies:
      '@babel/helper-validator-identifier': 7.10.4
      lodash: 4.17.20
      to-fast-properties: 2.0.0
    dev: false
    resolution:
      integrity: sha512-O53yME4ZZI0jO1EVGtF1ePGl0LHirG4P1ibcD80XyzZcKhcMFeCXmh4Xb1ifGBIV233Qg12x4rBfQgA+tmOukA==
  /@babel/types/7.29.8:
    dependencies:
      '@babel/helper-string-parser': 7.29.7
      '@babel/helper-validator-identifier': 7.29.7
    dev: false
    engines:
      node: '>=6.9.0'
    resolution:
      integrity: sha512-Vj1jF3cPfxg7OAfoI7QnVKLoILlm2JF9pnVHrX8qx7AHMiYWT+NDAA7jChlNgRS4WTLc/fD1lXLmPixluj+3Gg==
  /@babel/types/7.7.4:
    dependencies:
      esutils: 2.0.3
      lodash: 4.17.15
      to-fast-properties: 2.0.0
    dev: false
    resolution:
      integrity: sha512-cz5Ji23KCi4T+YIE/BolWosrJuSmoZeN1EFnRtBwF+KKLi8GG/Z2c2hOJJeCXPk4mwk4QFvTmwIodJowXgttRA==
  /@jridgewell/gen-mapping/0.3.13:
    dependencies:
      '@jridgewell/sourcemap-codec': 1.6.0
      '@jridgewell/trace-mapping': 0.3.31
    dev: false
    resolution:
      integrity: sha512-2kkt/7niJ6MgEPxF0bYdQ6etZaA+fQvDcLKckhy1yIQOzaoKjBBjSj63/aLVjYE3qhRt5dvM+uUyfCg6UKCBbA==
  /@jridgewell/resolve-uri/3.1.2:
    dev: false
    engines:
      node: '>=6.0.0'
    resolution:
      integrity: sha512-bRISgCIjP20/tbWSPWMEi54QVPRZExkuD9lJL+UIxUKtwVJA8wW1Trb1jMs1RFXo1CBTNZ/5hpC9QvmKWdopKw==
  /@jridgewell/sourcemap-codec/1.6.0:
    dev: false
    resolution:
      integrity: sha512-T7jf+5zgsZHwNJ4lvQ7/aezbyk0nNX+zJVWpmHA7VYsEx7a7qr5Rg5IbtJFqkgze5Y2sruq1RUY8Q837Od7iFw==
  /@jridgewell/trace-mapping/0.3.31:
    dependencies:
      '@jridgewell/resolve-uri': 3.1.2
      '@jridgewell/sourcemap-codec': 1.6.0
    dev: false
    resolution:
      integrity: sha512-zzNR+SdQSDJzc8joaeP8QQoCQr8NuYx2dIIytl1QeBEZHJ9uW6hebsrYgbz8hJwUQao3TWCMtmfV8Nu1twOLAw==
  /@tsfun/object/0.0.20:
    dependencies:
      '@types/node': 13.13.15
      tslib: 1.13.0
      utility-types: 3.10.0
    dev: false
    resolution:
      integrity: sha512-niGBzZEa3M22bBPy7N+c2y1eqVZ7L/61Ix4zKMr++FNdnzTErf/CX6VqbU88liNRsYxs8n1E60G802OpqQIZ6Q==
  /@types/babel__generator/7.6.1:
    dependencies:
      '@babel/types': 7.7.4
    dev: false
    resolution:
      integrity: sha512-bBKm+2VPJcMRVwNhxKu8W+5/zT7pwNEqeokFOmbvVSqGzFneNxYcEBro9Ac7/N9tlsaPYnZLK8J1LWKkMsLAew==
  /@types/babel__traverse/7.0.13:
    dependencies:
      '@babel/types': 7.11.0
    dev: false
    resolution:
      integrity: sha512-i+zS7t6/s9cdQvbqKDARrcbrPvtJGlbYsMkazo03nTAK3RX9FNrLllXys22uiTGJapPOTZTQ35nHh4ISph4SLQ==
  /@types/fs-extra/9.0.1:
    dependencies:
      '@types/node': 14.6.0
    dev: false
    resolution:
      integrity: sha512-B42Sxuaz09MhC3DDeW5kubRcQ5by4iuVQ0cRRWM2lggLzAa/KVom0Aft/208NgMvNQQZ86s5rVcqDdn/SH0/mg==
  /@types/node/13.1.6:
    dev: false
    resolution:
      integrity: sha512-Jg1F+bmxcpENHP23sVKkNuU3uaxPnsBMW0cLjleiikFKomJQbsn0Cqk2yDvQArqzZN6ABfBkZ0To7pQ8sLdWDg==
  /@types/node/13.13.15:
    dev: false
    resolution:
      integrity: sha512-kwbcs0jySLxzLsa2nWUAGOd/s21WU1jebrEdtzhsj1D4Yps1EOuyI1Qcu+FD56dL7NRNIJtDDjcqIG22NwkgLw==
  /@types/node/14.6.0:
    dev: false
    resolution:
      integrity: sha512-mikldZQitV94akrc4sCcSjtJfsTKt4p+e/s0AGscVA6XArQ9kFclP+ZiYUMnq987rc6QlYxXv/EivqlfSLxpKA==
  /at-least-node/1.0.0:
    dev: false
    engines:
      node: '>= 4.0.0'
    resolution:
      integrity: sha512-+q/t7Ekv1EDY2l6Gda6LLiX14rU9TV20Wa3ofeQmwPFZbOMo9DXrLbOjFaaclkXKWidIaopwAObQDqwWtGUjqg==
  /debug/4.4.3:
    dependencies:
      ms: 2.1.3
    dev: false
    engines:
      node: '>=6.0'
    peerDependencies:
      supports-color: '*'
    peerDependenciesMeta:
      supports-color:
        optional: true
    resolution:
      integrity: sha512-RGwwWnwQvkVfavKVt22FGLw+xYSdzARwm0ru6DhTVA3umU5hZc28V3kO4stgYryrTlLpuvgI9GiijltAjNbcqA==
  /esutils/2.0.3:
    dev: false
    engines:
      node: '>=0.10.0'
    resolution:
      integrity: sha512-kVscqXk4OCp68SZ0dkgEKVi6/8ij300KBWTJq32P/dYeWTSwK41WyTxalN1eRmA5Z9UU/LX9D7FWSmV9SAYx6g==
  /fs-extra/9.0.1:
    dependencies:
      at-least-node: 1.0.0
      graceful-fs: 4.2.2
      jsonfile: 6.0.1
      universalify: 1.0.0
    dev: false
    engines:
      node: '>=10'
    resolution:
      integrity: sha512-h2iAoN838FqAFJY2/qVpzFXy+EBxfVE220PalAqQLDVsFOHLJrZvut5puAbCdNv6WJk+B8ihI+k0c7JK5erwqQ==
  /globals/11.12.0:
    dev: false
    engines:
      node: '>=4'
    resolution:
      integrity: sha512-WOBp/EEGUiIsJSp7wcv/y6MO+lV9UoncWqxuFfm8eBwzWNgyfBd6Gz+IeKQ9jCmyhoH99g15M3T+QaVHFjizVA==
  /graceful-fs/4.2.2:
    dev: false
    resolution:
      integrity: sha512-IItsdsea19BoLC7ELy13q1iJFNmd7ofZH5+X/pJr90/nRoPEX0DJo1dHDbgtYWOhJhcCgMDTOw84RZ72q6lB+Q==
  /js-tokens/4.0.0:
    dev: false
    resolution:
      integrity: sha512-RdJUflcE3cUzKiMqQgsCu06FPu9UdIJO0beYbPhHN4k6apgJtifcoCtT9bcxOpYBtpD2kCM6Sbzg4CausW/PKQ==
  /jsesc/2.5.2:
    dev: false
    engines:
      node: '>=4'
    hasBin: true
    resolution:
      integrity: sha512-OYu7XEzjkCQ3C5Ps3QIZsQfNpqoJyZZA99wd9aWd05NCtC5pWOkShK2mkL6HXQR6/Cy2lbNdPlZBpuQHXE63gA==
  /jsesc/3.1.0:
    dev: false
    engines:
      node: '>=6'
    hasBin: true
    resolution:
      integrity: sha512-/sM3dO2FOzXjKQhJuo0Q173wf2KOo8t4I8vHy6lF9poUp7bKT0/NHE8fPX23PwfhnykfqnC2xRxOnVw5XuGIaA==
  /jsonfile/6.0.1:
    dependencies:
      universalify: 1.0.0
    dev: false
    optionalDependencies:
      graceful-fs: 4.2.2
    resolution:
      integrity: sha512-jR2b5v7d2vIOust+w3wtFKZIfpC2pnRmFAhAC/BuweZFQR8qZzxH1OyrQ10HmdVYiXWkYUqPVsz91cG7EL2FBg==
  /lodash/4.17.15:
    dev: false
    resolution:
      integrity: sha512-8xOcRHvCjnocdS5cpwXQXVzmmh5e5+saE2QGoeQmbKmRS6J3VQppPOIt0MnmE+4xlZoumy0GPG0D0MVIQbNA1A==
  /lodash/4.17.20:
    dev: false
    resolution:
      integrity: sha512-PlhdFcillOINfeV7Ni6oF1TAEayyZBoZ8bcshTHqOYJYlrqzRK5hagpagky5o4HfCzzd1TRkXPMFq6cKk9rGmA==
  /ms/2.1.3:
    dev: false
    resolution:
      integrity: sha512-6FlzubTLZG3J2a/NVCAleEhjzq5oxgHyaCU9yYXvcLsvoVaHJq/s5xXI6/XXP6tz7R9xAOtHnSO/tXtF3WRTlA==
  /picocolors/1.1.1:
    dev: false
    resolution:
      integrity: sha512-xceH2snhtb5M9liqDsmEw56le376mTZkEX/jEb/RxNFyegNul7eNslCXP9FDj/Lcu0X8KEyMceP2ntpaHrDEVA==
  /remote-controlled-promise/0.0.6:
    dependencies:
      '@types/node': 13.1.6
      tslib: 1.10.0
    dev: false
    engines:
      node: '>= 8.9.0'
    resolution:
      integrity: sha512-9PlWrJDC+1DnbBOvsEchPm1P1F/lHjuEMS/KmZjPfFibKmokIinf0NKfIOo5gQuJUYZltjNej3OIeICVDvnJLg==
  /source-map/0.5.7:
    dev: false
    engines:
      node: '>=0.10.0'
    resolution:
      integrity: sha1-igOdLRAh0i0eoUyA2OpGi6LvP8w=
  /to-fast-properties/2.0.0:
    dev: false
    engines:
      node: '>=4'
    resolution:
      integrity: sha1-3F5pjL0HkmW8c+A3doGk5Og/YW4=
  /tslib/1.10.0:
    dev: false
    resolution:
      integrity: sha512-qOebF53frne81cf0S9B41ByenJ3/IuH8yJKngAX35CmiZySA0khhkovshKK+jGCaMnVomla7gVlIcc3EvKPbTQ==
  /tslib/1.13.0:
    dev: false
    resolution:
      integrity: sha512-i/6DQjL8Xf3be4K/E6Wgpekn5Qasl1usyw++dAA35Ue5orEn65VIxOA+YvNNl9HV3qv70T7CNwjODHZrLwvd1Q==
  /tslib/2.0.1:
    dev: false
    resolution:
      integrity: sha512-SgIkNheinmEBgx1IUNirK0TUD4X9yjjBRTqqjggWCU3pUEqIk3/Uwl3yRixYKT6WjQuGiwDv4NomL3wqRCj+CQ==
  /universalify/1.0.0:
    dev: false
    engines:
      node: '>= 10.0.0'
    resolution:
      integrity: sha512-rb6X1W158d7pRQBg5gkR8uPaSfiids68LTJQYOtEUhoJUWBdaQHsuT/EUduxXYxcrt4r5PJ4fuHW1MHT6p0qug==
  /utility-types/3.10.0:
    dev: false
    engines:
      node: '>= 4'
    resolution:
      integrity: sha512-O11mqxmi7wMKCo6HKFt5AhO4BwY3VV68YU07tgxfz8zJTIxr4BpsezN49Ffwy9j3ZpwwJp4fkRwjRzq3uWE6Rg==
specifiers:
  '@babel/generator': ^7.11.4
  '@babel/parser': ^7.11.4
  '@babel/traverse': ^7.11.0
  '@babel/types': ^7.11.0
  '@make-mjs/url': ^0.2.8
  '@tsfun/object': ^0.0.20
  '@types/babel__generator': ^7.6.1
  '@types/babel__traverse': ^7.0.13
  '@types/fs-extra': ^9.0.1
  '@types/node': ^14.6.0
  fs-extra: ^9.0.1
  remote-controlled-promise: ^0.0.6
  tslib: ^2.0.1
