dependencies:
  '@types/node': 12.7.3
  tslib: 1.10.0
lockfileVersion: 5.1
packages:
  /@types/node/12.7.3:
    dev: false
    resolution:
      integrity: sha512-3SiLAIBkDWDg6vFo0+5YJyHPWU9uwu40Qe+v+0MH8wRKYBimHvvAOyk3EzMrD/TrIlLYfXrqDqrg913PynrMJQ==
  /tslib/1.10.0:
    dev: false
    resolution:
      integrity: sha512-qOebF53frne81cf0S9B41ByenJ3/IuH8yJKngAX35CmiZySA0khhkovshKK+jGCaMnVomla7gVlIcc3EvKPbTQ==
specifiers:
  '@types/node': ^12.7.3
  tslib: ^1.10.0
